<?xml version="1.0" encoding="utf-8"?>
<Project ToolsVersion="4.0" xmlns="http://schemas.microsoft.com/developer/msbuild/2003">
  <ItemGroup>
    <Filter Include="소스 파일">
      <UniqueIdentifier>{4FC737F1-C7A5-4376-A066-2A32D752A2FF}</UniqueIdentifier>
      <Extensions>cpp;c;cc;cxx;c++;cppm;ixx;def;odl;idl;hpj;bat;asm;asmx</Extensions>
    </Filter>
    <Filter Include="헤더 파일">
      <UniqueIdentifier>{93995380-89BD-4b04-88EB-625FBE52EBFB}</UniqueIdentifier>
      <Extensions>h;hh;hpp;hxx;h++;hm;inl;inc;ipp;xsd</Extensions>
    </Filter>
    <Filter Include="리소스 파일">
      <UniqueIdentifier>{67DA6AB6-F800-4c08-8B7A-83BB121AAD01}</UniqueIdentifier>
      <Extensions>rc;ico;cur;bmp;dlg;rc2;rct;bin;rgs;gif;jpg;jpeg;jpe;resx;tiff;tif;png;wav;mfcribbon-ms</Extensions>
    </Filter>
    <Filter Include="헤더 파일\BruteForce">
      <UniqueIdentifier>{eaae4b4a-8f3f-4cbf-b3b9-5b8197dd67f1}</UniqueIdentifier>
    </Filter>
    <Filter Include="헤더 파일\DivideConquer">
      <UniqueIdentifier>{975f78de-e58d-48e0-80f2-78f2f0c7b9b3}</UniqueIdentifier>
    </Filter>
    <Filter Include="헤더 파일\DP">
      <UniqueIdentifier>{3584eb6f-2d26-43bf-8e00-2a79a67a8119}</UniqueIdentifier>
    </Filter>
  </ItemGroup>
  <ItemGroup>
    <ClCompile Include="main.cpp">
      <Filter>소스 파일</Filter>
    </ClCompile>
  </ItemGroup>
  <ItemGroup>
    <Text Include="input.txt">
      <Filter>리소스 파일</Filter>
    </Text>
    <Text Include="output.txt">
      <Filter>리소스 파일</Filter>
    </Text>
  </ItemGroup>
  <ItemGroup>
    <ClInclude Include="circle_10971.h">
      <Filter>헤더 파일\BruteForce</Filter>
    </ClInclude>
    <ClInclude Include="date_1476.h">
      <Filter>헤더 파일\BruteForce</Filter>
    </ClInclude>
    <ClInclude Include="make_crypto_1759.h">
      <Filter>헤더 파일\BruteForce</Filter>
    </ClInclude>
    <ClInclude Include="max_diff_10819.h">
      <Filter>헤더 파일\BruteForce</Filter>
    </ClInclude>
    <ClInclude Include="minecraft_18111.h">
      <Filter>헤더 파일\BruteForce</Filter>
    </ClInclude>
    <ClInclude Include="plus_1000.h">
      <Filter>헤더 파일\BruteForce</Filter>
    </ClInclude>
    <ClInclude Include="prime_sum_1644.h">
      <Filter>헤더 파일\BruteForce</Filter>
    </ClInclude>
    <ClInclude Include="remote_1107.h">
      <Filter>헤더 파일\BruteForce</Filter>
    </ClInclude>
    <ClInclude Include="square_1451.h">
      <Filter>헤더 파일\BruteForce</Filter>
    </ClInclude>
    <ClInclude Include="sum_1208.h">
      <Filter>헤더 파일\BruteForce</Filter>
    </ClInclude>
    <ClInclude Include="sum_1806.h">
      <Filter>헤더 파일\BruteForce</Filter>
    </ClInclude>
    <ClInclude Include="sum_2003.h">
      <Filter>헤더 파일\BruteForce</Filter>
    </ClInclude>
    <ClInclude Include="array_11728.h">
      <Filter>헤더 파일\DivideConquer</Filter>
    </ClInclude>
    <ClInclude Include="paper_1780.h">
      <Filter>헤더 파일\DivideConquer</Filter>
    </ClInclude>
    <ClInclude Include="quad_1992.h">
      <Filter>헤더 파일\DivideConquer</Filter>
    </ClInclude>
    <ClInclude Include="make_one_1463.h">
      <Filter>헤더 파일\DP</Filter>
    </ClInclude>
    <ClInclude Include="tile_11726.h">
      <Filter>헤더 파일\DP</Filter>
    </ClInclude>
    <ClInclude Include="sum_9095.h">
      <Filter>헤더 파일\DP</Filter>
    </ClInclude>
    <ClInclude Include="stair_10844.h">
      <Filter>헤더 파일\DP</Filter>
    </ClInclude>
    <ClInclude Include="up_11057.h">
      <Filter>헤더 파일\DP</Filter>
    </ClInclude>
    <ClInclude Include="bi_2193.h">
      <Filter>헤더 파일\DP</Filter>
    </ClInclude>
    <ClInclude Include="sticker_9465.h">
      <Filter>헤더 파일\DP</Filter>
    </ClInclude>
    <ClInclude Include="tmp.h">
      <Filter>헤더 파일\DP</Filter>
    </ClInclude>
    <ClInclude Include="alcohol_2156.h">
      <Filter>헤더 파일\DP</Filter>
    </ClInclude>
    <ClInclude Include="permutation_11055.h">
      <Filter>헤더 파일\DP</Filter>
    </ClInclude>
    <ClInclude Include="permutation_11722.h">
      <Filter>헤더 파일\DP</Filter>
    </ClInclude>
    <ClInclude Include="sum_1912.h">
      <Filter>헤더 파일\DP</Filter>
    </ClInclude>
    <ClInclude Include="stair_2579.h">
      <Filter>헤더 파일\DP</Filter>
    </ClInclude>
    <ClInclude Include="sum_1699.h">
      <Filter>헤더 파일\DP</Filter>
    </ClInclude>
    <ClInclude Include="omok_2615.h">
      <Filter>헤더 파일\BruteForce</Filter>
    </ClInclude>
    <ClInclude Include="card_11052.h">
      <Filter>헤더 파일\DP</Filter>
    </ClInclude>
    <ClInclude Include="tile_2133.h">
      <Filter>헤더 파일\DP</Filter>
    </ClInclude>
    <ClInclude Include="cross_17085.h">
      <Filter>헤더 파일\BruteForce</Filter>
    </ClInclude>
  </ItemGroup>
</Project>